
Microsoft Visual Studio Solution File, Format Version 12.00
# Visual Studio Version 17
VisualStudioVersion = 17.8.34330.188
MinimumVisualStudioVersion = 10.0.40219.1
Project("{FAE04EC0-301F-11D3-BF4B-00C04F79EFBC}") = "MVCProject1.PL", "MVCProject1.PL\MVCProject1.PL.csproj", "{F857AE57-009B-45A8-BD82-4AF2FFA8F656}"
EndProject
Project("{FAE04EC0-301F-11D3-BF4B-00C04F79EFBC}") = "MVCProject1.DAL", "MVCProject1.DAL\MVCProject1.DAL.csproj", "{D8663E94-5A96-4232-BD3A-C1BBEAC6851C}"
EndProject
Project("{FAE04EC0-301F-11D3-BF4B-00C04F79EFBC}") = "MVCProject1.BLL", "MVCProject1.BLL\MVCProject1.BLL.csproj", "{941239D8-D7E5-4869-BDB3-953F7F1ECA94}"
EndProject
Global
	GlobalSection(SolutionConfigurationPlatforms) = preSolution
		Debug|Any CPU = Debug|Any CPU
		Release|Any CPU = Release|Any CPU
	EndGlobalSection
	GlobalSection(ProjectConfigurationPlatforms) = postSolution
		{F857AE57-009B-45A8-BD82-4AF2FFA8F656}.Debug|Any CPU.ActiveCfg = Debug|Any CPU
		{F857AE57-009B-45A8-BD82-4AF2FFA8F656}.Debug|Any CPU.Build.0 = Debug|Any CPU
		{F857AE57-009B-45A8-BD82-4AF2FFA8F656}.Release|Any CPU.ActiveCfg = Release|Any CPU
		{F857AE57-009B-45A8-BD82-4AF2FFA8F656}.Release|Any CPU.Build.0 = Release|Any CPU
		{D8663E94-5A96-4232-BD3A-C1BBEAC6851C}.Debug|Any CPU.ActiveCfg = Debug|Any CPU
		{D8663E94-5A96-4232-BD3A-C1BBEAC6851C}.Debug|Any CPU.Build.0 = Debug|Any CPU
		{D8663E94-5A96-4232-BD3A-C1BBEAC6851C}.Release|Any CPU.ActiveCfg = Release|Any CPU
		{D8663E94-5A96-4232-BD3A-C1BBEAC6851C}.Release|Any CPU.Build.0 = Release|Any CPU
		{941239D8-D7E5-4869-BDB3-953F7F1ECA94}.Debug|Any CPU.ActiveCfg = Debug|Any CPU
		{941239D8-D7E5-4869-BDB3-953F7F1ECA94}.Debug|Any CPU.Build.0 = Debug|Any CPU
		{941239D8-D7E5-4869-BDB3-953F7F1ECA94}.Release|Any CPU.ActiveCfg = Release|Any CPU
		{941239D8-D7E5-4869-BDB3-953F7F1ECA94}.Release|Any CPU.Build.0 = Release|Any CPU
	EndGlobalSection
	GlobalSection(SolutionProperties) = preSolution
		HideSolutionNode = FALSE
	EndGlobalSection
	GlobalSection(ExtensibilityGlobals) = postSolution
		SolutionGuid = {640492CB-A736-42DA-8513-E7FFDEF01A99}
	EndGlobalSection
EndGlobal
